// !$*UTF8*$!
{
	archiveVersion = 1;
	classes = {
	};
	objectVersion = 48;
	objects = {

/* Begin PBXBuildFile section */
		219AB1A0206D10B900AEB376 /* AppDelegate.swift in Sources */ = {isa = PBXBuildFile; fileRef = 219AB19F206D10B900AEB376 /* AppDelegate.swift */; };
		219AB1A2206D10B900AEB376 /* ViewController.swift in Sources */ = {isa = PBXBuildFile; fileRef = 219AB1A1206D10B900AEB376 /* ViewController.swift */; };
		219AB1A5206D10B900AEB376 /* Main.storyboard in Resources */ = {isa = PBXBuildFile; fileRef = 219AB1A3206D10B900AEB376 /* Main.storyboard */; };
		219AB1A7206D10B900AEB376 /* Assets.xcassets in Resources */ = {isa = PBXBuildFile; fileRef = 219AB1A6206D10B900AEB376 /* Assets.xcassets */; };
		219AB1AA206D10B900AEB376 /* LaunchScreen.storyboard in Resources */ = {isa = PBXBuildFile; fileRef = 219AB1A8206D10B900AEB376 /* LaunchScreen.storyboard */; };
		219AB1B5206D10B900AEB376 /* TestingTests.swift in Sources */ = {isa = PBXBuildFile; fileRef = 219AB1B4206D10B900AEB376 /* TestingTests.swift */; };
		219AB1C0206D10B900AEB376 /* TestingUITests.swift in Sources */ = {isa = PBXBuildFile; fileRef = 219AB1BF206D10B900AEB376 /* TestingUITests.swift */; };
/* End PBXBuildFile section */

/* Begin PBXContainerItemProxy section */
		219AB1B1206D10B900AEB376 /* PBXContainerItemProxy */ = {
			isa = PBXContainerItemProxy;
			containerPortal = 219AB194206D10B900AEB376 /* Project object */;
			proxyType = 1;
			remoteGlobalIDString = 219AB19B206D10B900AEB376;
			remoteInfo = Testing;
		};
		219AB1BC206D10B900AEB376 /* PBXContainerItemProxy */ = {
			isa = PBXContainerItemProxy;
			containerPortal = 219AB194206D10B900AEB376 /* Project object */;
			proxyType = 1;
			remoteGlobalIDString = 219AB19B206D10B900AEB376;
			remoteInfo = Testing;
		};
/* End PBXContainerItemProxy section */

/* Begin PBXFileReference section */
		219AB19C206D10B900AEB376 /* Testing.app */ = {isa = PBXFileReference; explicitFileType = wrapper.application; includeInIndex = 0; path = Testing.app; sourceTree = BUILT_PRODUCTS_DIR; };
		219AB19F206D10B900AEB376 /* AppDelegate.swift */ = {isa = PBXFileReference; lastKnownFileType = sourcecode.swift; path = AppDelegate.swift; sourceTree = "<group>"; };
		219AB1A1206D10B900AEB376 /* ViewController.swift */ = {isa = PBXFileReference; lastKnownFileType = sourcecode.swift; path = ViewController.swift; sourceTree = "<group>"; };
		219AB1A4206D10B900AEB376 /* Base */ = {isa = PBXFileReference; lastKnownFileType = file.storyboard; name = Base; path = Base.lproj/Main.storyboard; sourceTree = "<group>"; };
		219AB1A6206D10B900AEB376 /* Assets.xcassets */ = {isa = PBXFileReference; lastKnownFileType = folder.assetcatalog; path = Assets.xcassets; sourceTree = "<group>"; };
		219AB1A9206D10B900AEB376 /* Base */ = {isa = PBXFileReference; lastKnownFileType = file.storyboard; name = Base; path = Base.lproj/LaunchScreen.storyboard; sourceTree = "<group>"; };
		219AB1AB206D10B900AEB376 /* Info.plist */ = {isa = PBXFileReference; lastKnownFileType = text.plist.xml; path = Info.plist; sourceTree = "<group>"; };
		219AB1B0206D10B900AEB376 /* TestingTests.xctest */ = {isa = PBXFileReference; explicitFileType = wrapper.cfbundle; includeInIndex = 0; path = TestingTests.xctest; sourceTree = BUILT_PRODUCTS_DIR; };
		219AB1B4206D10B900AEB376 /* TestingTests.swift */ = {isa = PBXFileReference; lastKnownFileType = sourcecode.swift; path = TestingTests.swift; sourceTree = "<group>"; };
		219AB1B6206D10B900AEB376 /* Info.plist */ = {isa = PBXFileReference; lastKnownFileType = text.plist.xml; path = Info.plist; sourceTree = "<group>"; };
		219AB1BB206D10B900AEB376 /* TestingUITests.xctest */ = {isa = PBXFileReference; explicitFileType = wrapper.cfbundle; includeInIndex = 0; path = TestingUITests.xctest; sourceTree = BUILT_PRODUCTS_DIR; };
		219AB1BF206D10B900AEB376 /* TestingUITests.swift */ = {isa = PBXFileReference; lastKnownFileType = sourcecode.swift; path = TestingUITests.swift; sourceTree = "<group>"; };
		219AB1C1206D10B900AEB376 /* Info.plist */ = {isa = PBXFileReference; lastKnownFileType = text.plist.xml; path = Info.plist; sourceTree = "<group>"; };
/* End PBXFileReference section */

/* Begin PBXFrameworksBuildPhase section */
		219AB199206D10B900AEB376 /* Frameworks */ = {
			isa = PBXFrameworksBuildPhase;
			buildActionMask = 2147483647;
			files = (
			);
			runOnlyForDeploymentPostprocessing = 0;
		};
		219AB1AD206D10B900AEB376 /* Frameworks */ = {
			isa = PBXFrameworksBuildPhase;
			buildActionMask = 2147483647;
			files = (
			);
			runOnlyForDeploymentPostprocessing = 0;
		};
		219AB1B8206D10B900AEB376 /* Frameworks */ = {
			isa = PBXFrameworksBuildPhase;
			buildActionMask = 2147483647;
			files = (
			);
			runOnlyForDeploymentPostprocessing = 0;
		};
/* End PBXFrameworksBuildPhase section */

/* Begin PBXGroup section */
		219AB193206D10B900AEB376 = {
			isa = PBXGroup;
			children = (
				219AB19E206D10B900AEB376 /* Testing */,
				219AB1B3206D10B900AEB376 /* TestingTests */,
				219AB1BE206D10B900AEB376 /* TestingUITests */,
				219AB19D206D10B900AEB376 /* Products */,
			);
			sourceTree = "<group>";
		};
		219AB19D206D10B900AEB376 /* Products */ = {
			isa = PBXGroup;
			children = (
				219AB19C206D10B900AEB376 /* Testing.app */,
				219AB1B0206D10B900AEB376 /* TestingTests.xctest */,
				219AB1BB206D10B900AEB376 /* TestingUITests.xctest */,
			);
			name = Products;
			sourceTree = "<group>";
		};
		219AB19E206D10B900AEB376 /* Testing */ = {
			isa = PBXGroup;
			children = (
				219AB19F206D10B900AEB376 /* AppDelegate.swift */,
				219AB1A1206D10B900AEB376 /* ViewController.swift */,
				219AB1A3206D10B900AEB376 /* Main.storyboard */,
				219AB1A6206D10B900AEB376 /* Assets.xcassets */,
				219AB1A8206D10B900AEB376 /* LaunchScreen.storyboard */,
				219AB1AB206D10B900AEB376 /* Info.plist */,
			);
			path = Testing;
			sourceTree = "<group>";
		};
		219AB1B3206D10B900AEB376 /* TestingTests */ = {
			isa = PBXGroup;
			children = (
				219AB1B4206D10B900AEB376 /* TestingTests.swift */,
				219AB1B6206D10B900AEB376 /* Info.plist */,
			);
			path = TestingTests;
			sourceTree = "<group>";
		};
		219AB1BE206D10B900AEB376 /* TestingUITests */ = {
			isa = PBXGroup;
			children = (
				219AB1BF206D10B900AEB376 /* TestingUITests.swift */,
				219AB1C1206D10B900AEB376 /* Info.plist */,
			);
			path = TestingUITests;
			sourceTree = "<group>";
		};
/* End PBXGroup section */

/* Begin PBXNativeTarget section */
		219AB19B206D10B900AEB376 /* Testing */ = {
			isa = PBXNativeTarget;
			buildConfigurationList = 219AB1C4206D10B900AEB376 /* Build configuration list for PBXNativeTarget "Testing" */;
			buildPhases = (
				219AB198206D10B900AEB376 /* Sources */,
				219AB199206D10B900AEB376 /* Frameworks */,
				219AB19A206D10B900AEB376 /* Resources */,
			);
			buildRules = (
			);
			dependencies = (
			);
			name = Testing;
			productName = Testing;
			productReference = 219AB19C206D10B900AEB376 /* Testing.app */;
			productType = "com.apple.product-type.application";
		};
		219AB1AF206D10B900AEB376 /* TestingTests */ = {
			isa = PBXNativeTarget;
			buildConfigurationList = 219AB1C7206D10B900AEB376 /* Build configuration list for PBXNativeTarget "TestingTests" */;
			buildPhases = (
				219AB1AC206D10B900AEB376 /* Sources */,
				219AB1AD206D10B900AEB376 /* Frameworks */,
				219AB1AE206D10B900AEB376 /* Resources */,
			);
			buildRules = (
			);
			dependencies = (
				219AB1B2206D10B900AEB376 /* PBXTargetDependency */,
			);
			name = TestingTests;
			productName = TestingTests;
			productReference = 219AB1B0206D10B900AEB376 /* TestingTests.xctest */;
			productType = "com.apple.product-type.bundle.unit-test";
		};
		219AB1BA206D10B900AEB376 /* TestingUITests */ = {
			isa = PBXNativeTarget;
			buildConfigurationList = 219AB1CA206D10B900AEB376 /* Build configuration list for PBXNativeTarget "TestingUITests" */;
			buildPhases = (
				219AB1B7206D10B900AEB376 /* Sources */,
				219AB1B8206D10B900AEB376 /* Frameworks */,
				219AB1B9206D10B900AEB376 /* Resources */,
			);
			buildRules = (
			);
			dependencies = (
				219AB1BD206D10B900AEB376 /* PBXTargetDependency */,
			);
			name = TestingUITests;
			productName = TestingUITests;
			productReference = 219AB1BB206D10B900AEB376 /* TestingUITests.xctest */;
			productType = "com.apple.product-type.bundle.ui-testing";
		};
/* End PBXNativeTarget section */

/* Begin PBXProject section */
		219AB194206D10B900AEB376 /* Project object */ = {
			isa = PBXProject;
			attributes = {
				LastSwiftUpdateCheck = 0920;
				LastUpgradeCheck = 0920;
				ORGANIZATIONNAME = C07RQ13XG1HW;
				TargetAttributes = {
					219AB19B206D10B900AEB376 = {
						CreatedOnToolsVersion = 9.2;
						ProvisioningStyle = Manual;
					};
					219AB1AF206D10B900AEB376 = {
						CreatedOnToolsVersion = 9.2;
						ProvisioningStyle = Automatic;
						TestTargetID = 219AB19B206D10B900AEB376;
					};
					219AB1BA206D10B900AEB376 = {
						CreatedOnToolsVersion = 9.2;
						ProvisioningStyle = Automatic;
						TestTargetID = 219AB19B206D10B900AEB376;
					};
				};
			};
			buildConfigurationList = 219AB197206D10B900AEB376 /* Build configuration list for PBXProject "Testing" */;
			compatibilityVersion = "Xcode 8.0";
			developmentRegion = en;
			hasScannedForEncodings = 0;
			knownRegions = (
				en,
				Base,
			);
			mainGroup = 219AB193206D10B900AEB376;
			productRefGroup = 219AB19D206D10B900AEB376 /* Products */;
			projectDirPath = "";
			projectRoot = "";
			targets = (
				219AB19B206D10B900AEB376 /* Testing */,
				219AB1AF206D10B900AEB376 /* TestingTests */,
				219AB1BA206D10B900AEB376 /* TestingUITests */,
			);
		};
/* End PBXProject section */

/* Begin PBXResourcesBuildPhase section */
		219AB19A206D10B900AEB376 /* Resources */ = {
			isa = PBXResourcesBuildPhase;
			buildActionMask = 2147483647;
			files = (
				219AB1AA206D10B900AEB376 /* LaunchScreen.storyboard in Resources */,
				219AB1A7206D10B900AEB376 /* Assets.xcassets in Resources */,
				219AB1A5206D10B900AEB376 /* Main.storyboard in Resources */,
			);
			runOnlyForDeploymentPostprocessing = 0;
		};
		219AB1AE206D10B900AEB376 /* Resources */ = {
			isa = PBXResourcesBuildPhase;
			buildActionMask = 2147483647;
			files = (
			);
			runOnlyForDeploymentPostprocessing = 0;
		};
		219AB1B9206D10B900AEB376 /* Resources */ = {
			isa = PBXResourcesBuildPhase;
			buildActionMask = 2147483647;
			files = (
			);
			runOnlyForDeploymentPostprocessing = 0;
		};
/* End PBXResourcesBuildPhase section */

/* Begin PBXSourcesBuildPhase section */
		219AB198206D10B900AEB376 /* Sources */ = {
			isa = PBXSourcesBuildPhase;
			buildActionMask = 2147483647;
			files = (
				219AB1A2206D10B900AEB376 /* ViewController.swift in Sources */,
				219AB1A0206D10B900AEB376 /* AppDelegate.swift in Sources */,
			);
			runOnlyForDeploymentPostprocessing = 0;
		};
		219AB1AC206D10B900AEB376 /* Sources */ = {
			isa = PBXSourcesBuildPhase;
			buildActionMask = 2147483647;
			files = (
				219AB1B5206D10B900AEB376 /* TestingTests.swift in Sources */,
			);
			runOnlyForDeploymentPostprocessing = 0;
		};
		219AB1B7206D10B900AEB376 /* Sources */ = {
			isa = PBXSourcesBuildPhase;
			buildActionMask = 2147483647;
			files = (
				219AB1C0206D10B900AEB376 /* TestingUITests.swift in Sources */,
			);
			runOnlyForDeploymentPostprocessing = 0;
		};
/* End PBXSourcesBuildPhase section */

/* Begin PBXTargetDependency section */
		219AB1B2206D10B900AEB376 /* PBXTargetDependency */ = {
			isa = PBXTargetDependency;
			target = 219AB19B206D10B900AEB376 /* Testing */;
			targetProxy = 219AB1B1206D10B900AEB376 /* PBXContainerItemProxy */;
		};
		219AB1BD206D10B900AEB376 /* PBXTargetDependency */ = {
			isa = PBXTargetDependency;
			target = 219AB19B206D10B900AEB376 /* Testing */;
			targetProxy = 219AB1BC206D10B900AEB376 /* PBXContainerItemProxy */;
		};
/* End PBXTargetDependency section */

/* Begin PBXVariantGroup section */
		219AB1A3206D10B900AEB376 /* Main.storyboard */ = {
			isa = PBXVariantGroup;
			children = (
				219AB1A4206D10B900AEB376 /* Base */,
			);
			name = Main.storyboard;
			sourceTree = "<group>";
		};
		219AB1A8206D10B900AEB376 /* LaunchScreen.storyboard */ = {
			isa = PBXVariantGroup;
			children = (
				219AB1A9206D10B900AEB376 /* Base */,
			);
			name = LaunchScreen.storyboard;
			sourceTree = "<group>";
		};
/* End PBXVariantGroup section */

/* Begin XCBuildConfiguration section */
		219AB1C2206D10B900AEB376 /* Debug */ = {
			isa = XCBuildConfiguration;
			buildSettings = {
				ALWAYS_SEARCH_USER_PATHS = NO;
				CLANG_ANALYZER_NONNULL = YES;
				CLANG_ANALYZER_NUMBER_OBJECT_CONVERSION = YES_AGGRESSIVE;
				CLANG_CXX_LANGUAGE_STANDARD = "gnu++14";
				CLANG_CXX_LIBRARY = "libc++";
				CLANG_ENABLE_MODULES = YES;
				CLANG_ENABLE_OBJC_ARC = YES;
				CLANG_WARN_BLOCK_CAPTURE_AUTORELEASING = YES;
				CLANG_WARN_BOOL_CONVERSION = YES;
				CLANG_WARN_COMMA = YES;
				CLANG_WARN_CONSTANT_CONVERSION = YES;
				CLANG_WARN_DIRECT_OBJC_ISA_USAGE = YES_ERROR;
				CLANG_WARN_DOCUMENTATION_COMMENTS = YES;
				CLANG_WARN_EMPTY_BODY = YES;
				CLANG_WARN_ENUM_CONVERSION = YES;
				CLANG_WARN_INFINITE_RECURSION = YES;
				CLANG_WARN_INT_CONVERSION = YES;
				CLANG_WARN_NON_LITERAL_NULL_CONVERSION = YES;
				CLANG_WARN_OBJC_LITERAL_CONVERSION = YES;
				CLANG_WARN_OBJC_ROOT_CLASS = YES_ERROR;
				CLANG_WARN_RANGE_LOOP_ANALYSIS = YES;
				CLANG_WARN_STRICT_PROTOTYPES = YES;
				CLANG_WARN_SUSPICIOUS_MOVE = YES;
				CLANG_WARN_UNGUARDED_AVAILABILITY = YES_AGGRESSIVE;
				CLANG_WARN_UNREACHABLE_CODE = YES;
				CLANG_WARN__DUPLICATE_METHOD_MATCH = YES;
				CODE_SIGN_IDENTITY = "iPhone Developer";
				COPY_PHASE_STRIP = NO;
				DEBUG_INFORMATION_FORMAT = dwarf;
				ENABLE_STRICT_OBJC_MSGSEND = YES;
				ENABLE_TESTABILITY = YES;
				GCC_C_LANGUAGE_STANDARD = gnu11;
				GCC_DYNAMIC_NO_PIC = NO;
				GCC_NO_COMMON_BLOCKS = YES;
				GCC_OPTIMIZATION_LEVEL = 0;
				GCC_PREPROCESSOR_DEFINITIONS = (
					"DEBUG=1",
					"$(inherited)",
				);
				GCC_WARN_64_TO_32_BIT_CONVERSION = YES;
				GCC_WARN_ABOUT_RETURN_TYPE = YES_ERROR;
				GCC_WARN_UNDECLARED_SELECTOR = YES;
				GCC_WARN_UNINITIALIZED_AUTOS = YES_AGGRESSIVE;
				GCC_WARN_UNUSED_FUNCTION = YES;
				GCC_WARN_UNUSED_VARIABLE = YES;
				IPHONEOS_DEPLOYMENT_TARGET = 11.2;
				MTL_ENABLE_DEBUG_INFO = YES;
				ONLY_ACTIVE_ARCH = YES;
				SDKROOT = iphoneos;
				SWIFT_ACTIVE_COMPILATION_CONDITIONS = DEBUG;
				SWIFT_OPTIMIZATION_LEVEL = "-Onone";
			};
			name = Debug;
		};
		219AB1C3206D10B900AEB376 /* Release */ = {
			isa = XCBuildConfiguration;
			buildSettings = {
				ALWAYS_SEARCH_USER_PATHS = NO;
				CLANG_ANALYZER_NONNULL = YES;
				CLANG_ANALYZER_NUMBER_OBJECT_CONVERSION = YES_AGGRESSIVE;
				CLANG_CXX_LANGUAGE_STANDARD = "gnu++14";
				CLANG_CXX_LIBRARY = "libc++";
				CLANG_ENABLE_MODULES = YES;
				CLANG_ENABLE_OBJC_ARC = YES;
				CLANG_WARN_BLOCK_CAPTURE_AUTORELEASING = YES;
				CLANG_WARN_BOOL_CONVERSION = YES;
				CLANG_WARN_COMMA = YES;
				CLANG_WARN_CONSTANT_CONVERSION = YES;
				CLANG_WARN_DIRECT_OBJC_ISA_USAGE = YES_ERROR;
				CLANG_WARN_DOCUMENTATION_COMMENTS = YES;
				CLANG_WARN_EMPTY_BODY = YES;
				CLANG_WARN_ENUM_CONVERSION = YES;
				CLANG_WARN_INFINITE_RECURSION = YES;
				CLANG_WARN_INT_CONVERSION = YES;
				CLANG_WARN_NON_LITERAL_NULL_CONVERSION = YES;
				CLANG_WARN_OBJC_LITERAL_CONVERSION = YES;
				CLANG_WARN_OBJC_ROOT_CLASS = YES_ERROR;
				CLANG_WARN_RANGE_LOOP_ANALYSIS = YES;
				CLANG_WARN_STRICT_PROTOTYPES = YES;
				CLANG_WARN_SUSPICIOUS_MOVE = YES;
				CLANG_WARN_UNGUARDED_AVAILABILITY = YES_AGGRESSIVE;
				CLANG_WARN_UNREACHABLE_CODE = YES;
				CLANG_WARN__DUPLICATE_METHOD_MATCH = YES;
				CODE_SIGN_IDENTITY = "iPhone Developer";
				COPY_PHASE_STRIP = NO;
				DEBUG_INFORMATION_FORMAT = "dwarf-with-dsym";
				ENABLE_NS_ASSERTIONS = NO;
				ENABLE_STRICT_OBJC_MSGSEND = YES;
				GCC_C_LANGUAGE_STANDARD = gnu11;
				GCC_NO_COMMON_BLOCKS = YES;
				GCC_WARN_64_TO_32_BIT_CONVERSION = YES;
				GCC_WARN_ABOUT_RETURN_TYPE = YES_ERROR;
				GCC_WARN_UNDECLARED_SELECTOR = YES;
				GCC_WARN_UNINITIALIZED_AUTOS = YES_AGGRESSIVE;
				GCC_WARN_UNUSED_FUNCTION = YES;
				GCC_WARN_UNUSED_VARIABLE = YES;
				IPHONEOS_DEPLOYMENT_TARGET = 11.2;
				MTL_ENABLE_DEBUG_INFO = NO;
				SDKROOT = iphoneos;
				SWIFT_OPTIMIZATION_LEVEL = "-Owholemodule";
				VALIDATE_PRODUCT = YES;
			};
			name = Release;
		};
		219AB1C5206D10B900AEB376 /* Debug */ = {
			isa = XCBuildConfiguration;
			buildSettings = {
				ASSETCATALOG_COMPILER_APPICON_NAME = AppIcon;
				CODE_SIGN_IDENTITY = "iPhone Distribution: Hubbell, Inc.";
				CODE_SIGN_STYLE = Manual;
				DEVELOPMENT_TEAM = CMDH2UACV7;
				INFOPLIST_FILE = Testing/Info.plist;
				LD_RUNPATH_SEARCH_PATHS = "$(inherited) @executable_path/Frameworks";
				PRODUCT_BUNDLE_IDENTIFIER = com.hubbell.pagepart;
				PRODUCT_NAME = "$(TARGET_NAME)";
				PROVISIONING_PROFILE = "c11e89b2-fa8a-41ab-b9dd-777f7f561cab";
				PROVISIONING_PROFILE_SPECIFIER = WildCard;
				SWIFT_VERSION = 4.0;
				TARGETED_DEVICE_FAMILY = "1,2";
			};
			name = Debug;
		};
		219AB1C6206D10B900AEB376 /* Release */ = {
			isa = XCBuildConfiguration;
			buildSettings = {
				ASSETCATALOG_COMPILER_APPICON_NAME = AppIcon;
				CODE_SIGN_IDENTITY = "iPhone Distribution: Hubbell, Inc.";
				CODE_SIGN_STYLE = Manual;
				DEVELOPMENT_TEAM = CMDH2UACV7;
				INFOPLIST_FILE = Testing/Info.plist;
				LD_RUNPATH_SEARCH_PATHS = "$(inherited) @executable_path/Frameworks";
				PRODUCT_BUNDLE_IDENTIFIER = com.hubbell.pagepart;
				PRODUCT_NAME = "$(TARGET_NAME)";
				PROVISIONING_PROFILE = "c11e89b2-fa8a-41ab-b9dd-777f7f561cab";
				PROVISIONING_PROFILE_SPECIFIER = WildCard;
				SWIFT_VERSION = 4.0;
				TARGETED_DEVICE_FAMILY = "1,2";
			};
			name = Release;
		};
		219AB1C8206D10B900AEB376 /* Debug */ = {
			isa = XCBuildConfiguration;
			buildSettings = {
				ALWAYS_EMBED_SWIFT_STANDARD_LIBRARIES = YES;
				BUNDLE_LOADER = "$(TEST_HOST)";
				CODE_SIGN_STYLE = Automatic;
				DEVELOPMENT_TEAM = CMDH2UACV7;
				INFOPLIST_FILE = TestingTests/Info.plist;
				LD_RUNPATH_SEARCH_PATHS = "$(inherited) @executable_path/Frameworks @loader_path/Frameworks";
				PRODUCT_BUNDLE_IDENTIFIER = COM.HUBBELL.PTT.TestingTests;
				PRODUCT_NAME = "$(TARGET_NAME)";
				SWIFT_VERSION = 4.0;
				TARGETED_DEVICE_FAMILY = "1,2";
				TEST_HOST = "$(BUILT_PRODUCTS_DIR)/Testing.app/Testing";
			};
			name = Debug;
		};
		219AB1C9206D10B900AEB376 /* Release */ = {
			isa = XCBuildConfiguration;
			buildSettings = {
				ALWAYS_EMBED_SWIFT_STANDARD_LIBRARIES = YES;
				BUNDLE_LOADER = "$(TEST_HOST)";
				CODE_SIGN_STYLE = Automatic;
				DEVELOPMENT_TEAM = CMDH2UACV7;
				INFOPLIST_FILE = TestingTests/Info.plist;
				LD_RUNPATH_SEARCH_PATHS = "$(inherited) @executable_path/Frameworks @loader_path/Frameworks";
				PRODUCT_BUNDLE_IDENTIFIER = COM.HUBBELL.PTT.TestingTests;
				PRODUCT_NAME = "$(TARGET_NAME)";
				SWIFT_VERSION = 4.0;
				TARGETED_DEVICE_FAMILY = "1,2";
				TEST_HOST = "$(BUILT_PRODUCTS_DIR)/Testing.app/Testing";
			};
			name = Release;
		};
		219AB1CB206D10B900AEB376 /* Debug */ = {
			isa = XCBuildConfiguration;
			buildSettings = {
				ALWAYS_EMBED_SWIFT_STANDARD_LIBRARIES = YES;
				CODE_SIGN_STYLE = Automatic;
				DEVELOPMENT_TEAM = CMDH2UACV7;
				INFOPLIST_FILE = TestingUITests/Info.plist;
				LD_RUNPATH_SEARCH_PATHS = "$(inherited) @executable_path/Frameworks @loader_path/Frameworks";
				PRODUCT_BUNDLE_IDENTIFIER = COM.HUBBELL.PTT.TestingUITests;
				PRODUCT_NAME = "$(TARGET_NAME)";
				SWIFT_VERSION = 4.0;
				TARGETED_DEVICE_FAMILY = "1,2";
				TEST_TARGET_NAME = Testing;
			};
			name = Debug;
		};
		219AB1CC206D10B900AEB376 /* Release */ = {
			isa = XCBuildConfiguration;
			buildSettings = {
				ALWAYS_EMBED_SWIFT_STANDARD_LIBRARIES = YES;
				CODE_SIGN_STYLE = Automatic;
				DEVELOPMENT_TEAM = CMDH2UACV7;
				INFOPLIST_FILE = TestingUITests/Info.plist;
				LD_RUNPATH_SEARCH_PATHS = "$(inherited) @executable_path/Frameworks @loader_path/Frameworks";
				PRODUCT_BUNDLE_IDENTIFIER = COM.HUBBELL.PTT.TestingUITests;
				PRODUCT_NAME = "$(TARGET_NAME)";
				SWIFT_VERSION = 4.0;
				TARGETED_DEVICE_FAMILY = "1,2";
				TEST_TARGET_NAME = Testing;
			};
			name = Release;
		};
/* End XCBuildConfiguration section */

/* Begin XCConfigurationList section */
		219AB197206D10B900AEB376 /* Build configuration list for PBXProject "Testing" */ = {
			isa = XCConfigurationList;
			buildConfigurations = (
				219AB1C2206D10B900AEB376 /* Debug */,
				219AB1C3206D10B900AEB376 /* Release */,
			);
			defaultConfigurationIsVisible = 0;
			defaultConfigurationName = Release;
		};
		219AB1C4206D10B900AEB376 /* Build configuration list for PBXNativeTarget "Testing" */ = {
			isa = XCConfigurationList;
			buildConfigurations = (
				219AB1C5206D10B900AEB376 /* Debug */,
				219AB1C6206D10B900AEB376 /* Release */,
			);
			defaultConfigurationIsVisible = 0;
			defaultConfigurationName = Release;
		};
		219AB1C7206D10B900AEB376 /* Build configuration list for PBXNativeTarget "TestingTests" */ = {
			isa = XCConfigurationList;
			buildConfigurations = (
				219AB1C8206D10B900AEB376 /* Debug */,
				219AB1C9206D10B900AEB376 /* Release */,
			);
			defaultConfigurationIsVisible = 0;
			defaultConfigurationName = Release;
		};
		219AB1CA206D10B900AEB376 /* Build configuration list for PBXNativeTarget "TestingUITests" */ = {
			isa = XCConfigurationList;
			buildConfigurations = (
				219AB1CB206D10B900AEB376 /* Debug */,
				219AB1CC206D10B900AEB376 /* Release */,
			);
			defaultConfigurationIsVisible = 0;
			defaultConfigurationName = Release;
		};
/* End XCConfigurationList section */
	};
	rootObject = 219AB194206D10B900AEB376 /* Project object */;
}
